
Microsoft Visual Studio Solution File, Format Version 12.00
# Visual Studio Version 16
VisualStudioVersion = 16.0.31729.503
MinimumVisualStudioVersion = 10.0.40219.1
Project("{FAE04EC0-301F-11D3-BF4B-00C04F79EFBC}") = "NoInterface", "NoInterface\NoInterface.csproj", "{577AC06B-14C8-49E8-BF8F-8BF79F655230}"
EndProject
Global
	GlobalSection(SolutionConfigurationPlatforms) = preSolution
		Debug|Any CPU = Debug|Any CPU
		Release|Any CPU = Release|Any CPU
	EndGlobalSection
	GlobalSection(ProjectConfigurationPlatforms) = postSolution
		{577AC06B-14C8-49E8-BF8F-8BF79F655230}.Debug|Any CPU.ActiveCfg = Debug|Any CPU
		{577AC06B-14C8-49E8-BF8F-8BF79F655230}.Debug|Any CPU.Build.0 = Debug|Any CPU
		{577AC06B-14C8-49E8-BF8F-8BF79F655230}.Release|Any CPU.ActiveCfg = Release|Any CPU
		{577AC06B-14C8-49E8-BF8F-8BF79F655230}.Release|Any CPU.Build.0 = Release|Any CPU
	EndGlobalSection
	GlobalSection(SolutionProperties) = preSolution
		HideSolutionNode = FALSE
	EndGlobalSection
	GlobalSection(ExtensibilityGlobals) = postSolution
		SolutionGuid = {27AFB723-0039-4FFB-A77F-343B9DB82B72}
	EndGlobalSection
EndGlobal
